PODS:
  - Capacitor (5.4.1):
    - CapacitorCordova
  - CapacitorApp (5.0.6):
    - Capacitor
  - CapacitorBrowser (5.1.0):
    - Capacitor
  - CapacitorCordova (5.4.1)
  - CapacitorHaptics (5.0.6):
    - Capacitor
  - CapacitorKeyboard (5.0.6):
    - Capacitor
  - CapacitorStatusBar (5.0.6):
    - Capacitor

DEPENDENCIES:
  - "Capacitor (from `../../node_modules/@capacitor/ios`)"
  - "CapacitorApp (from `../../node_modules/@capacitor/app`)"
  - "CapacitorBrowser (from `../../node_modules/@capacitor/browser`)"
  - "CapacitorCordova (from `../../node_modules/@capacitor/ios`)"
  - "CapacitorHaptics (from `../../node_modules/@capacitor/haptics`)"
  - "CapacitorKeyboard (from `../../node_modules/@capacitor/keyboard`)"
  - "CapacitorStatusBar (from `../../node_modules/@capacitor/status-bar`)"

EXTERNAL SOURCES:
  Capacitor:
    :path: "../../node_modules/@capacitor/ios"
  CapacitorApp:
    :path: "../../node_modules/@capacitor/app"
  CapacitorBrowser:
    :path: "../../node_modules/@capacitor/browser"
  CapacitorCordova:
    :path: "../../node_modules/@capacitor/ios"
  CapacitorHaptics:
    :path: "../../node_modules/@capacitor/haptics"
  CapacitorKeyboard:
    :path: "../../node_modules/@capacitor/keyboard"
  CapacitorStatusBar:
    :path: "../../node_modules/@capacitor/status-bar"

SPEC CHECKSUMS:
  Capacitor: 4c0681b47eebeba1f902093d24149cf2f518393e
  CapacitorApp: 024e1b1bea5f883d79f6330d309bc441c88ad04a
  CapacitorBrowser: 7a0fb6a1011abfaaf2dfedfd8248f942a8eda3d6
  CapacitorCordova: 1222fdd78bfd0d323cc22bf254eed1484fe6c92a
  CapacitorHaptics: 1fffc1217c7e64a472d7845be50fb0c2f7d4204c
  CapacitorKeyboard: b978154b024a5f65e044908e37d15b7de58b9d12
  CapacitorStatusBar: 565c0a1ebd79bb40d797606a8992b4a105885309

PODFILE CHECKSUM: 61bc1d13006459f54f5fb089957baec0b706f946

COCOAPODS: 1.11.3
